<Solution>
  <Folder Name="/protos/">
    <File Path="protos/AccountMgr.proto" />
    <File Path="protos/LobbyServer.proto" />
  </Folder>     
  <Folder Name="/protos/common/">
    <File Path="protos/common/ClusterInfo.proto" />
    <File Path="protos/common/ResultCode.proto" />
  </Folder>
  <Folder Name="/src/">
    <Project Path="src/AccountCacher/AccountCacher.csproj" />
    <Project Path="src/Common/Common.csproj" />
    <Project Path="src/Core.Infrastructure.Network.RpcSourceGenerators/Core.Infrastructure.Network.RpcSourceGenerators.csproj" />
    <Project Path="src/Core.Infrastructure.Network/Core.Infrastructure.Network.csproj" />
    <Project Path="src/FrameWork/FrameWork.csproj" />
    <Project Path="src/Launcher/Launcher.csproj" />
    <Project Path="src/LauncherServer.Dtos/LauncherServer.Dtos.csproj" />
    <Project Path="src/LauncherServer/LauncherServer.csproj" />
    <Project Path="src/LobbyServer/LobbyServer.csproj" />
    <Project Path="src/WarZone/WarZone.vcxproj" />
    <Project Path="src/WorldServer/WorldServer.csproj" />
  </Folder>
  <Folder Name="/test/">
    <Project Path="test/Core.Infrastructure.Network.RpcSourceGenerator.Tests/Core.Infrastructure.Network.RpcSourceGenerator.Tests.csproj" />
    <Project Path="test/Core.Infrastructure.Network.Tests/Core.Infrastructure.Network.Tests.csproj" />
    <Project Path="test/LobbyServer.Tests/LobbyServer.Tests.csproj" />
  </Folder>
</Solution>