
Microsoft Visual Studio Solution File, Format Version 12.00
# Visual Studio Version 17
VisualStudioVersion = 17.2.32505.173
MinimumVisualStudioVersion = 16.0.29521.150
Project("{FAE04EC0-301F-11D3-BF4B-00C04F79EFBC}") = "Common", "Common\Common.csproj", "{8BC085CD-429B-41D1-BB47-9621FD32EC23}"
	ProjectSection(ProjectDependencies) = postProject
		{D5C98F3A-D5D2-4AED-A5A7-06D2DE095095} = {D5C98F3A-D5D2-4AED-A5A7-06D2DE095095}
	EndProjectSection
EndProject
Project("{FAE04EC0-301F-11D3-BF4B-00C04F79EFBC}") = "LauncherServer", "LauncherServer\LauncherServer.csproj", "{B6DEAD47-8BF7-4528-9479-5CEC8D549F97}"
EndProject
Project("{FAE04EC0-301F-11D3-BF4B-00C04F79EFBC}") = "AccountCacher", "AccountCacher\AccountCacher.csproj", "{174C9135-A25B-4842-BD53-EA1EA133A5F5}"
EndProject
Project("{FAE04EC0-301F-11D3-BF4B-00C04F79EFBC}") = "LobbyServer", "LobbyServer\LobbyServer.csproj", "{DE9AE7F9-7F5E-43DE-812F-E6FECEBCBA89}"
EndProject
Project("{FAE04EC0-301F-11D3-BF4B-00C04F79EFBC}") = "WorldServer", "WorldServer\WorldServer.csproj", "{1552992A-BA62-4639-AB53-6FA36E5B4AB1}"
EndProject
Project("{FAE04EC0-301F-11D3-BF4B-00C04F79EFBC}") = "FrameWork", "FrameWork\FrameWork.csproj", "{D5C98F3A-D5D2-4AED-A5A7-06D2DE095095}"
EndProject
	EndGlobalSection
	GlobalSection(SolutionProperties) = preSolution
		HideSolutionNode = FALSE
	EndGlobalSection
	GlobalSection(ExtensibilityGlobals) = postSolution
		SolutionGuid = {D71B338A-D68D-4F92-85F8-23989A9FAACB}
	EndGlobalSection
EndGlobal
